// !$*UTF8*$!
{
	archiveVersion = 1;
	classes = {
	};
	objectVersion = 46;
	objects = {

/* Begin PBXBuildFile section */
		D910BBC21C481AE500406536 /* InstructionController.swift in Sources */ = {isa = PBXBuildFile; fileRef = D910BBC11C481AE500406536 /* InstructionController.swift */; };
		D910BBC51C48308C00406536 /* 1 in Resources */ = {isa = PBXBuildFile; fileRef = D910BBC41C48308C00406536 /* 1 */; };
		D910BBCB1C48321F00406536 /* 2 in Resources */ = {isa = PBXBuildFile; fileRef = D910BBC61C48321F00406536 /* 2 */; };
		D910BBCC1C48321F00406536 /* 3 in Resources */ = {isa = PBXBuildFile; fileRef = D910BBC71C48321F00406536 /* 3 */; };
		D910BBCD1C48321F00406536 /* 4 in Resources */ = {isa = PBXBuildFile; fileRef = D910BBC81C48321F00406536 /* 4 */; };
		D910BBCE1C48321F00406536 /* 5 in Resources */ = {isa = PBXBuildFile; fileRef = D910BBC91C48321F00406536 /* 5 */; };
		D910BBCF1C48321F00406536 /* 6 in Resources */ = {isa = PBXBuildFile; fileRef = D910BBCA1C48321F00406536 /* 6 */; };
		D910BBD11C484F6200406536 /* winController.swift in Sources */ = {isa = PBXBuildFile; fileRef = D910BBD01C484F6200406536 /* winController.swift */; };
		D9E6E5031C46A0ED00AD8F44 /* AppDelegate.swift in Sources */ = {isa = PBXBuildFile; fileRef = D9E6E5021C46A0ED00AD8F44 /* AppDelegate.swift */; };
		D9E6E5051C46A0ED00AD8F44 /* ViewController.swift in Sources */ = {isa = PBXBuildFile; fileRef = D9E6E5041C46A0ED00AD8F44 /* ViewController.swift */; };
		D9E6E5081C46A0ED00AD8F44 /* Main.storyboard in Resources */ = {isa = PBXBuildFile; fileRef = D9E6E5061C46A0ED00AD8F44 /* Main.storyboard */; };
		D9E6E50A1C46A0ED00AD8F44 /* Assets.xcassets in Resources */ = {isa = PBXBuildFile; fileRef = D9E6E5091C46A0ED00AD8F44 /* Assets.xcassets */; };
		D9E6E50D1C46A0ED00AD8F44 /* LaunchScreen.storyboard in Resources */ = {isa = PBXBuildFile; fileRef = D9E6E50B1C46A0ED00AD8F44 /* LaunchScreen.storyboard */; };
		D9E6E53D1C4750DE00AD8F44 /* SettingsController.swift in Sources */ = {isa = PBXBuildFile; fileRef = D9E6E53C1C4750DE00AD8F44 /* SettingsController.swift */; };
		D9E6E53F1C47602E00AD8F44 /* GameController.swift in Sources */ = {isa = PBXBuildFile; fileRef = D9E6E53E1C47602E00AD8F44 /* GameController.swift */; };
/* End PBXBuildFile section */

/* Begin PBXFileReference section */
		D910BBC11C481AE500406536 /* InstructionController.swift */ = {isa = PBXFileReference; fileEncoding = 4; lastKnownFileType = sourcecode.swift; path = InstructionController.swift; sourceTree = "<group>"; };
		D910BBC41C48308C00406536 /* 1 */ = {isa = PBXFileReference; lastKnownFileType = file; name = 1; path = ../../../../Pictures/1; sourceTree = "<group>"; };
		D910BBC61C48321F00406536 /* 2 */ = {isa = PBXFileReference; lastKnownFileType = file; name = 2; path = ../../../../Pictures/2; sourceTree = "<group>"; };
		D910BBC71C48321F00406536 /* 3 */ = {isa = PBXFileReference; lastKnownFileType = file; name = 3; path = ../../../../Pictures/3; sourceTree = "<group>"; };
		D910BBC81C48321F00406536 /* 4 */ = {isa = PBXFileReference; lastKnownFileType = file; name = 4; path = ../../../../Pictures/4; sourceTree = "<group>"; };
		D910BBC91C48321F00406536 /* 5 */ = {isa = PBXFileReference; lastKnownFileType = file; name = 5; path = ../../../../Pictures/5; sourceTree = "<group>"; };
		D910BBCA1C48321F00406536 /* 6 */ = {isa = PBXFileReference; lastKnownFileType = file; name = 6; path = ../../../../Pictures/6; sourceTree = "<group>"; };
		D910BBD01C484F6200406536 /* winController.swift */ = {isa = PBXFileReference; fileEncoding = 4; lastKnownFileType = sourcecode.swift; path = winController.swift; sourceTree = "<group>"; };
		D9E6E4FF1C46A0ED00AD8F44 /* Dice.app */ = {isa = PBXFileReference; explicitFileType = wrapper.application; includeInIndex = 0; path = Dice.app; sourceTree = BUILT_PRODUCTS_DIR; };
		D9E6E5021C46A0ED00AD8F44 /* AppDelegate.swift */ = {isa = PBXFileReference; lastKnownFileType = sourcecode.swift; path = AppDelegate.swift; sourceTree = "<group>"; };
		D9E6E5041C46A0ED00AD8F44 /* ViewController.swift */ = {isa = PBXFileReference; lastKnownFileType = sourcecode.swift; path = ViewController.swift; sourceTree = "<group>"; };
		D9E6E5071C46A0ED00AD8F44 /* Base */ = {isa = PBXFileReference; lastKnownFileType = file.storyboard; name = Base; path = Base.lproj/Main.storyboard; sourceTree = "<group>"; };
		D9E6E5091C46A0ED00AD8F44 /* Assets.xcassets */ = {isa = PBXFileReference; lastKnownFileType = folder.assetcatalog; path = Assets.xcassets; sourceTree = "<group>"; };
		D9E6E50C1C46A0ED00AD8F44 /* Base */ = {isa = PBXFileReference; lastKnownFileType = file.storyboard; name = Base; path = Base.lproj/LaunchScreen.storyboard; sourceTree = "<group>"; };
		D9E6E50E1C46A0ED00AD8F44 /* Info.plist */ = {isa = PBXFileReference; lastKnownFileType = text.plist.xml; path = Info.plist; sourceTree = "<group>"; };
		D9E6E5361C46CEFD00AD8F44 /* Dice-Bridging-Header.h */ = {isa = PBXFileReference; lastKnownFileType = sourcecode.c.h; path = "Dice-Bridging-Header.h"; sourceTree = "<group>"; };
		D9E6E53C1C4750DE00AD8F44 /* SettingsController.swift */ = {isa = PBXFileReference; fileEncoding = 4; lastKnownFileType = sourcecode.swift; path = SettingsController.swift; sourceTree = "<group>"; };
		D9E6E53E1C47602E00AD8F44 /* GameController.swift */ = {isa = PBXFileReference; fileEncoding = 4; lastKnownFileType = sourcecode.swift; path = GameController.swift; sourceTree = "<group>"; };
/* End PBXFileReference section */

/* Begin PBXFrameworksBuildPhase section */
		D9E6E4FC1C46A0ED00AD8F44 /* Frameworks */ = {
			isa = PBXFrameworksBuildPhase;
			buildActionMask = 2147483647;
			files = (
			);
			runOnlyForDeploymentPostprocessing = 0;
		};
/* End PBXFrameworksBuildPhase section */

/* Begin PBXGroup section */
		D9E6E4F61C46A0EC00AD8F44 = {
			isa = PBXGroup;
			children = (
				D9E6E5011C46A0ED00AD8F44 /* Dice */,
				D9E6E5001C46A0ED00AD8F44 /* Products */,
			);
			sourceTree = "<group>";
		};
		D9E6E5001C46A0ED00AD8F44 /* Products */ = {
			isa = PBXGroup;
			children = (
				D9E6E4FF1C46A0ED00AD8F44 /* Dice.app */,
			);
			name = Products;
			sourceTree = "<group>";
		};
		D9E6E5011C46A0ED00AD8F44 /* Dice */ = {
			isa = PBXGroup;
			children = (
				D910BBC61C48321F00406536 /* 2 */,
				D910BBC71C48321F00406536 /* 3 */,
				D910BBC81C48321F00406536 /* 4 */,
				D910BBC91C48321F00406536 /* 5 */,
				D910BBCA1C48321F00406536 /* 6 */,
				D910BBC41C48308C00406536 /* 1 */,
				D9E6E5021C46A0ED00AD8F44 /* AppDelegate.swift */,
				D9E6E5041C46A0ED00AD8F44 /* ViewController.swift */,
				D9E6E53C1C4750DE00AD8F44 /* SettingsController.swift */,
				D9E6E53E1C47602E00AD8F44 /* GameController.swift */,
				D910BBD01C484F6200406536 /* winController.swift */,
				D9E6E5061C46A0ED00AD8F44 /* Main.storyboard */,
				D910BBC11C481AE500406536 /* InstructionController.swift */,
				D9E6E5091C46A0ED00AD8F44 /* Assets.xcassets */,
				D9E6E50B1C46A0ED00AD8F44 /* LaunchScreen.storyboard */,
				D9E6E50E1C46A0ED00AD8F44 /* Info.plist */,
				D9E6E5361C46CEFD00AD8F44 /* Dice-Bridging-Header.h */,
			);
			path = Dice;
			sourceTree = "<group>";
		};
/* End PBXGroup section */

/* Begin PBXNativeTarget section */
		D9E6E4FE1C46A0ED00AD8F44 /* Dice */ = {
			isa = PBXNativeTarget;
			buildConfigurationList = D9E6E5111C46A0ED00AD8F44 /* Build configuration list for PBXNativeTarget "Dice" */;
			buildPhases = (
				D9E6E4FB1C46A0ED00AD8F44 /* Sources */,
				D9E6E4FC1C46A0ED00AD8F44 /* Frameworks */,
				D9E6E4FD1C46A0ED00AD8F44 /* Resources */,
			);
			buildRules = (
			);
			dependencies = (
			);
			name = Dice;
			productName = Dice;
			productReference = D9E6E4FF1C46A0ED00AD8F44 /* Dice.app */;
			productType = "com.apple.product-type.application";
		};
/* End PBXNativeTarget section */

/* Begin PBXProject section */
		D9E6E4F71C46A0EC00AD8F44 /* Project object */ = {
			isa = PBXProject;
			attributes = {
				LastSwiftUpdateCheck = 0720;
				LastUpgradeCheck = 0720;
				ORGANIZATIONNAME = "Build it Love it";
				TargetAttributes = {
					D9E6E4FE1C46A0ED00AD8F44 = {
						CreatedOnToolsVersion = 7.2;
						DevelopmentTeam = L5ZPZ7T24H;
					};
				};
			};
			buildConfigurationList = D9E6E4FA1C46A0EC00AD8F44 /* Build configuration list for PBXProject "Dice" */;
			compatibilityVersion = "Xcode 3.2";
			developmentRegion = English;
			hasScannedForEncodings = 0;
			knownRegions = (
				en,
				Base,
			);
			mainGroup = D9E6E4F61C46A0EC00AD8F44;
			productRefGroup = D9E6E5001C46A0ED00AD8F44 /* Products */;
			projectDirPath = "";
			projectRoot = "";
			targets = (
				D9E6E4FE1C46A0ED00AD8F44 /* Dice */,
			);
		};
/* End PBXProject section */

/* Begin PBXResourcesBuildPhase section */
		D9E6E4FD1C46A0ED00AD8F44 /* Resources */ = {
			isa = PBXResourcesBuildPhase;
			buildActionMask = 2147483647;
			files = (
				D9E6E50D1C46A0ED00AD8F44 /* LaunchScreen.storyboard in Resources */,
				D910BBCD1C48321F00406536 /* 4 in Resources */,
				D910BBC51C48308C00406536 /* 1 in Resources */,
				D910BBCF1C48321F00406536 /* 6 in Resources */,
				D910BBCB1C48321F00406536 /* 2 in Resources */,
				D910BBCC1C48321F00406536 /* 3 in Resources */,
				D910BBCE1C48321F00406536 /* 5 in Resources */,
				D9E6E50A1C46A0ED00AD8F44 /* Assets.xcassets in Resources */,
				D9E6E5081C46A0ED00AD8F44 /* Main.storyboard in Resources */,
			);
			runOnlyForDeploymentPostprocessing = 0;
		};
/* End PBXResourcesBuildPhase section */

/* Begin PBXSourcesBuildPhase section */
		D9E6E4FB1C46A0ED00AD8F44 /* Sources */ = {
			isa = PBXSourcesBuildPhase;
			buildActionMask = 2147483647;
			files = (
				D9E6E53D1C4750DE00AD8F44 /* SettingsController.swift in Sources */,
				D9E6E53F1C47602E00AD8F44 /* GameController.swift in Sources */,
				D9E6E5051C46A0ED00AD8F44 /* ViewController.swift in Sources */,
				D910BBC21C481AE500406536 /* InstructionController.swift in Sources */,
				D910BBD11C484F6200406536 /* winController.swift in Sources */,
				D9E6E5031C46A0ED00AD8F44 /* AppDelegate.swift in Sources */,
			);
			runOnlyForDeploymentPostprocessing = 0;
		};
/* End PBXSourcesBuildPhase section */

/* Begin PBXVariantGroup section */
		D9E6E5061C46A0ED00AD8F44 /* Main.storyboard */ = {
			isa = PBXVariantGroup;
			children = (
				D9E6E5071C46A0ED00AD8F44 /* Base */,
			);
			name = Main.storyboard;
			sourceTree = "<group>";
		};
		D9E6E50B1C46A0ED00AD8F44 /* LaunchScreen.storyboard */ = {
			isa = PBXVariantGroup;
			children = (
				D9E6E50C1C46A0ED00AD8F44 /* Base */,
			);
			name = LaunchScreen.storyboard;
			sourceTree = "<group>";
		};
/* End PBXVariantGroup section */

/* Begin XCBuildConfiguration section */
		D9E6E50F1C46A0ED00AD8F44 /* Debug */ = {
			isa = XCBuildConfiguration;
			buildSettings = {
				ALWAYS_SEARCH_USER_PATHS = NO;
				CLANG_CXX_LANGUAGE_STANDARD = "gnu++0x";
				CLANG_CXX_LIBRARY = "libc++";
				CLANG_ENABLE_MODULES = YES;
				CLANG_ENABLE_OBJC_ARC = YES;
				CLANG_WARN_BOOL_CONVERSION = YES;
				CLANG_WARN_CONSTANT_CONVERSION = YES;
				CLANG_WARN_DIRECT_OBJC_ISA_USAGE = YES_ERROR;
				CLANG_WARN_EMPTY_BODY = YES;
				CLANG_WARN_ENUM_CONVERSION = YES;
				CLANG_WARN_INT_CONVERSION = YES;
				CLANG_WARN_OBJC_ROOT_CLASS = YES_ERROR;
				CLANG_WARN_UNREACHABLE_CODE = YES;
				CLANG_WARN__DUPLICATE_METHOD_MATCH = YES;
				"CODE_SIGN_IDENTITY[sdk=iphoneos*]" = "iPhone Developer";
				COPY_PHASE_STRIP = NO;
				DEBUG_INFORMATION_FORMAT = dwarf;
				ENABLE_STRICT_OBJC_MSGSEND = YES;
				ENABLE_TESTABILITY = YES;
				GCC_C_LANGUAGE_STANDARD = gnu99;
				GCC_DYNAMIC_NO_PIC = NO;
				GCC_NO_COMMON_BLOCKS = YES;
				GCC_OPTIMIZATION_LEVEL = 0;
				GCC_PREPROCESSOR_DEFINITIONS = (
					"DEBUG=1",
					"$(inherited)",
				);
				GCC_WARN_64_TO_32_BIT_CONVERSION = YES;
				GCC_WARN_ABOUT_RETURN_TYPE = YES_ERROR;
				GCC_WARN_UNDECLARED_SELECTOR = YES;
				GCC_WARN_UNINITIALIZED_AUTOS = YES_AGGRESSIVE;
				GCC_WARN_UNUSED_FUNCTION = YES;
				GCC_WARN_UNUSED_VARIABLE = YES;
				IPHONEOS_DEPLOYMENT_TARGET = 9.2;
				MTL_ENABLE_DEBUG_INFO = YES;
				ONLY_ACTIVE_ARCH = YES;
				SDKROOT = iphoneos;
				SWIFT_OPTIMIZATION_LEVEL = "-Onone";
				TARGETED_DEVICE_FAMILY = "1,2";
			};
			name = Debug;
		};
		D9E6E5101C46A0ED00AD8F44 /* Release */ = {
			isa = XCBuildConfiguration;
			buildSettings = {
				ALWAYS_SEARCH_USER_PATHS = NO;
				CLANG_CXX_LANGUAGE_STANDARD = "gnu++0x";
				CLANG_CXX_LIBRARY = "libc++";
				CLANG_ENABLE_MODULES = YES;
				CLANG_ENABLE_OBJC_ARC = YES;
				CLANG_WARN_BOOL_CONVERSION = YES;
				CLANG_WARN_CONSTANT_CONVERSION = YES;
				CLANG_WARN_DIRECT_OBJC_ISA_USAGE = YES_ERROR;
				CLANG_WARN_EMPTY_BODY = YES;
				CLANG_WARN_ENUM_CONVERSION = YES;
				CLANG_WARN_INT_CONVERSION = YES;
				CLANG_WARN_OBJC_ROOT_CLASS = YES_ERROR;
				CLANG_WARN_UNREACHABLE_CODE = YES;
				CLANG_WARN__DUPLICATE_METHOD_MATCH = YES;
				"CODE_SIGN_IDENTITY[sdk=iphoneos*]" = "iPhone Developer";
				COPY_PHASE_STRIP = NO;
				DEBUG_INFORMATION_FORMAT = "dwarf-with-dsym";
				ENABLE_NS_ASSERTIONS = NO;
				ENABLE_STRICT_OBJC_MSGSEND = YES;
				GCC_C_LANGUAGE_STANDARD = gnu99;
				GCC_NO_COMMON_BLOCKS = YES;
				GCC_WARN_64_TO_32_BIT_CONVERSION = YES;
				GCC_WARN_ABOUT_RETURN_TYPE = YES_ERROR;
				GCC_WARN_UNDECLARED_SELECTOR = YES;
				GCC_WARN_UNINITIALIZED_AUTOS = YES_AGGRESSIVE;
				GCC_WARN_UNUSED_FUNCTION = YES;
				GCC_WARN_UNUSED_VARIABLE = YES;
				IPHONEOS_DEPLOYMENT_TARGET = 9.2;
				MTL_ENABLE_DEBUG_INFO = NO;
				SDKROOT = iphoneos;
				TARGETED_DEVICE_FAMILY = "1,2";
				VALIDATE_PRODUCT = YES;
			};
			name = Release;
		};
		D9E6E5121C46A0ED00AD8F44 /* Debug */ = {
			isa = XCBuildConfiguration;
			buildSettings = {
				ASSETCATALOG_COMPILER_APPICON_NAME = AppIcon;
				CLANG_ENABLE_MODULES = YES;
				INFOPLIST_FILE = Dice/Info.plist;
				LD_RUNPATH_SEARCH_PATHS = "$(inherited) @executable_path/Frameworks";
				PRODUCT_BUNDLE_IDENTIFIER = com.builditloveit.Dice;
				PRODUCT_NAME = "$(TARGET_NAME)";
				SWIFT_OBJC_BRIDGING_HEADER = "Dice/Dice-Bridging-Header.h";
				SWIFT_OPTIMIZATION_LEVEL = "-Onone";
			};
			name = Debug;
		};
		D9E6E5131C46A0ED00AD8F44 /* Release */ = {
			isa = XCBuildConfiguration;
			buildSettings = {
				ASSETCATALOG_COMPILER_APPICON_NAME = AppIcon;
				CLANG_ENABLE_MODULES = YES;
				INFOPLIST_FILE = Dice/Info.plist;
				LD_RUNPATH_SEARCH_PATHS = "$(inherited) @executable_path/Frameworks";
				PRODUCT_BUNDLE_IDENTIFIER = com.builditloveit.Dice;
				PRODUCT_NAME = "$(TARGET_NAME)";
				SWIFT_OBJC_BRIDGING_HEADER = "Dice/Dice-Bridging-Header.h";
			};
			name = Release;
		};
/* End XCBuildConfiguration section */

/* Begin XCConfigurationList section */
		D9E6E4FA1C46A0EC00AD8F44 /* Build configuration list for PBXProject "Dice" */ = {
			isa = XCConfigurationList;
			buildConfigurations = (
				D9E6E50F1C46A0ED00AD8F44 /* Debug */,
				D9E6E5101C46A0ED00AD8F44 /* Release */,
			);
			defaultConfigurationIsVisible = 0;
			defaultConfigurationName = Release;
		};
		D9E6E5111C46A0ED00AD8F44 /* Build configuration list for PBXNativeTarget "Dice" */ = {
			isa = XCConfigurationList;
			buildConfigurations = (
				D9E6E5121C46A0ED00AD8F44 /* Debug */,
				D9E6E5131C46A0ED00AD8F44 /* Release */,
			);
			defaultConfigurationIsVisible = 0;
			defaultConfigurationName = Release;
		};
/* End XCConfigurationList section */
	};
	rootObject = D9E6E4F71C46A0EC00AD8F44 /* Project object */;
}
